
Microsoft Visual Studio Solution File, Format Version 12.00
# Visual Studio Version 17
VisualStudioVersion = 17.6.33829.357
MinimumVisualStudioVersion = 10.0.40219.1
Project("{FAE04EC0-301F-11D3-BF4B-00C04F79EFBC}") = "ContinuousDelivery", "ContinuousDelivery\ContinuousDelivery.csproj", "{21ABAB8C-8F4E-4817-9D16-C10A9EAEFA96}"
EndProject
Global
	GlobalSection(SolutionConfigurationPlatforms) = preSolution
		Debug|Any CPU = Debug|Any CPU
		Release|Any CPU = Release|Any CPU
	EndGlobalSection
	GlobalSection(ProjectConfigurationPlatforms) = postSolution
		{21ABAB8C-8F4E-4817-9D16-C10A9EAEFA96}.Debug|Any CPU.ActiveCfg = Debug|Any CPU
		{21ABAB8C-8F4E-4817-9D16-C10A9EAEFA96}.Debug|Any CPU.Build.0 = Debug|Any CPU
		{21ABAB8C-8F4E-4817-9D16-C10A9EAEFA96}.Release|Any CPU.ActiveCfg = Release|Any CPU
		{21ABAB8C-8F4E-4817-9D16-C10A9EAEFA96}.Release|Any CPU.Build.0 = Release|Any CPU
	EndGlobalSection
	GlobalSection(SolutionProperties) = preSolution
		HideSolutionNode = FALSE
	EndGlobalSection
	GlobalSection(ExtensibilityGlobals) = postSolution
		SolutionGuid = {279802D8-1084-40BE-B6CE-B13FE0C47C24}
	EndGlobalSection
EndGlobal
